
Microsoft Visual Studio Solution File, Format Version 12.00
# Visual Studio Version 16
VisualStudioVersion = 16.0.28922.388
MinimumVisualStudioVersion = 10.0.40219.1
Project("{9A19103F-16F7-4668-BE54-9A1E7A4F7556}") = "CoreApp.Infrastructure", "CoreApp.Infrastructure\CoreApp.Infrastructure.csproj", "{431CFDD3-7F24-4CCC-A225-293F4A6A2B6F}"
EndProject
Project("{9A19103F-16F7-4668-BE54-9A1E7A4F7556}") = "CoreApp.Utilities", "CoreApp.Utilities\CoreApp.Utilities.csproj", "{D6C0728C-E556-4BD4-9EE7-A1B87EDD627F}"
EndProject
Project("{9A19103F-16F7-4668-BE54-9A1E7A4F7556}") = "CoreApp.Data", "CoreApp.Data\CoreApp.Data.csproj", "{7AC7531C-A754-41BB-A3EA-B84D0769B5A9}"
EndProject
Project("{9A19103F-16F7-4668-BE54-9A1E7A4F7556}") = "CoreApp.Data.EF", "CoreApp.Data.EF\CoreApp.Data.EF.csproj", "{FE645BC7-37DD-4F34-96AE-21596628B976}"
EndProject
Project("{9A19103F-16F7-4668-BE54-9A1E7A4F7556}") = "CoreApp.Application", "CoreApp.Application\CoreApp.Application.csproj", "{A58BC02B-FE2D-4F55-810E-5DCAA1985E76}"
EndProject
Project("{2150E333-8FDC-42A3-9474-1A3956D46DE8}") = "1 - Presentation", "1 - Presentation", "{202B48C3-8837-41FC-B871-9A46EBB246B6}"
EndProject
Project("{2150E333-8FDC-42A3-9474-1A3956D46DE8}") = "2 - Application", "2 - Application", "{55CE3BC4-8C8A-42F5-8490-C61AFD5D54C5}"
EndProject
Project("{2150E333-8FDC-42A3-9474-1A3956D46DE8}") = "3 - Domain", "3 - Domain", "{5ADFF10F-9EDE-4ADC-8CCE-C1C825A5CB70}"
EndProject
Project("{2150E333-8FDC-42A3-9474-1A3956D46DE8}") = "4 - Infrastructure", "4 - Infrastructure", "{349FA3A4-78FA-448D-986C-1FC23E3821F2}"
EndProject
Project("{FAE04EC0-301F-11D3-BF4B-00C04F79EFBC}") = "CoreApp", "CoreApp\CoreApp.csproj", "{A04AAF24-1B39-49C0-B6BA-9410708E770A}"
EndProject
Global
	GlobalSection(SolutionConfigurationPlatforms) = preSolution
		Debug|Any CPU = Debug|Any CPU
		Release|Any CPU = Release|Any CPU
	EndGlobalSection
	GlobalSection(ProjectConfigurationPlatforms) = postSolution
		{431CFDD3-7F24-4CCC-A225-293F4A6A2B6F}.Debug|Any CPU.ActiveCfg = Debug|Any CPU
		{431CFDD3-7F24-4CCC-A225-293F4A6A2B6F}.Debug|Any CPU.Build.0 = Debug|Any CPU
		{431CFDD3-7F24-4CCC-A225-293F4A6A2B6F}.Release|Any CPU.ActiveCfg = Release|Any CPU
		{431CFDD3-7F24-4CCC-A225-293F4A6A2B6F}.Release|Any CPU.Build.0 = Release|Any CPU
		{D6C0728C-E556-4BD4-9EE7-A1B87EDD627F}.Debug|Any CPU.ActiveCfg = Debug|Any CPU
		{D6C0728C-E556-4BD4-9EE7-A1B87EDD627F}.Debug|Any CPU.Build.0 = Debug|Any CPU
		{D6C0728C-E556-4BD4-9EE7-A1B87EDD627F}.Release|Any CPU.ActiveCfg = Release|Any CPU
		{D6C0728C-E556-4BD4-9EE7-A1B87EDD627F}.Release|Any CPU.Build.0 = Release|Any CPU
		{7AC7531C-A754-41BB-A3EA-B84D0769B5A9}.Debug|Any CPU.ActiveCfg = Debug|Any CPU
		{7AC7531C-A754-41BB-A3EA-B84D0769B5A9}.Debug|Any CPU.Build.0 = Debug|Any CPU
		{7AC7531C-A754-41BB-A3EA-B84D0769B5A9}.Release|Any CPU.ActiveCfg = Release|Any CPU
		{7AC7531C-A754-41BB-A3EA-B84D0769B5A9}.Release|Any CPU.Build.0 = Release|Any CPU
		{FE645BC7-37DD-4F34-96AE-21596628B976}.Debug|Any CPU.ActiveCfg = Debug|Any CPU
		{FE645BC7-37DD-4F34-96AE-21596628B976}.Debug|Any CPU.Build.0 = Debug|Any CPU
		{FE645BC7-37DD-4F34-96AE-21596628B976}.Release|Any CPU.ActiveCfg = Release|Any CPU
		{FE645BC7-37DD-4F34-96AE-21596628B976}.Release|Any CPU.Build.0 = Release|Any CPU
		{A58BC02B-FE2D-4F55-810E-5DCAA1985E76}.Debug|Any CPU.ActiveCfg = Debug|Any CPU
		{A58BC02B-FE2D-4F55-810E-5DCAA1985E76}.Debug|Any CPU.Build.0 = Debug|Any CPU
		{A58BC02B-FE2D-4F55-810E-5DCAA1985E76}.Release|Any CPU.ActiveCfg = Release|Any CPU
		{A58BC02B-FE2D-4F55-810E-5DCAA1985E76}.Release|Any CPU.Build.0 = Release|Any CPU
		{A04AAF24-1B39-49C0-B6BA-9410708E770A}.Debug|Any CPU.ActiveCfg = Debug|Any CPU
		{A04AAF24-1B39-49C0-B6BA-9410708E770A}.Debug|Any CPU.Build.0 = Debug|Any CPU
		{A04AAF24-1B39-49C0-B6BA-9410708E770A}.Release|Any CPU.ActiveCfg = Release|Any CPU
		{A04AAF24-1B39-49C0-B6BA-9410708E770A}.Release|Any CPU.Build.0 = Release|Any CPU
	EndGlobalSection
	GlobalSection(SolutionProperties) = preSolution
		HideSolutionNode = FALSE
	EndGlobalSection
	GlobalSection(NestedProjects) = preSolution
		{431CFDD3-7F24-4CCC-A225-293F4A6A2B6F} = {349FA3A4-78FA-448D-986C-1FC23E3821F2}
		{D6C0728C-E556-4BD4-9EE7-A1B87EDD627F} = {349FA3A4-78FA-448D-986C-1FC23E3821F2}
		{7AC7531C-A754-41BB-A3EA-B84D0769B5A9} = {5ADFF10F-9EDE-4ADC-8CCE-C1C825A5CB70}
		{FE645BC7-37DD-4F34-96AE-21596628B976} = {5ADFF10F-9EDE-4ADC-8CCE-C1C825A5CB70}
		{A58BC02B-FE2D-4F55-810E-5DCAA1985E76} = {55CE3BC4-8C8A-42F5-8490-C61AFD5D54C5}
		{A04AAF24-1B39-49C0-B6BA-9410708E770A} = {202B48C3-8837-41FC-B871-9A46EBB246B6}
	EndGlobalSection
	GlobalSection(ExtensibilityGlobals) = postSolution
		SolutionGuid = {CA12F6F6-35AD-4421-9456-1CD4AB8C7DA9}
	EndGlobalSection
EndGlobal
