
Microsoft Visual Studio Solution File, Format Version 12.00
# Visual Studio 15
VisualStudioVersion = 15.0.28307.645
MinimumVisualStudioVersion = 10.0.40219.1
Project("{FAE04EC0-301F-11D3-BF4B-00C04F79EFBC}") = "CoreApp", "CoreApp\CoreApp.csproj", "{7A18C993-9267-477A-8E0D-31AFB571203E}"
EndProject
Global
	GlobalSection(SolutionConfigurationPlatforms) = preSolution
		Debug|Any CPU = Debug|Any CPU
		Release|Any CPU = Release|Any CPU
	EndGlobalSection
	GlobalSection(ProjectConfigurationPlatforms) = postSolution
		{7A18C993-9267-477A-8E0D-31AFB571203E}.Debug|Any CPU.ActiveCfg = Debug|Any CPU
		{7A18C993-9267-477A-8E0D-31AFB571203E}.Debug|Any CPU.Build.0 = Debug|Any CPU
		{7A18C993-9267-477A-8E0D-31AFB571203E}.Release|Any CPU.ActiveCfg = Release|Any CPU
		{7A18C993-9267-477A-8E0D-31AFB571203E}.Release|Any CPU.Build.0 = Release|Any CPU
	EndGlobalSection
	GlobalSection(SolutionProperties) = preSolution
		HideSolutionNode = FALSE
	EndGlobalSection
	GlobalSection(ExtensibilityGlobals) = postSolution
		SolutionGuid = {CA12F6F6-35AD-4421-9456-1CD4AB8C7DA9}
	EndGlobalSection
EndGlobal
